
Microsoft Visual Studio Solution File, Format Version 12.00
# Visual Studio Version 17
VisualStudioVersion = 17.0.31903.59
MinimumVisualStudioVersion = 10.0.40219.1
Project("{FAE04EC0-301F-11D3-BF4B-00C04F79EFBC}") = "api", "api\api.csproj", "{E6DA5C1F-0E82-4A14-99A7-F177D54EC3EA}"
EndProject
Project("{FAE04EC0-301F-11D3-BF4B-00C04F79EFBC}") = "Tests", "Tests\Tests.csproj", "{97ED3020-368B-4D9C-A588-124A241BE437}"
EndProject
Global
	GlobalSection(SolutionConfigurationPlatforms) = preSolution
		Debug|Any CPU = Debug|Any CPU
		Release|Any CPU = Release|Any CPU
	EndGlobalSection
	GlobalSection(SolutionProperties) = preSolution
		HideSolutionNode = FALSE
	EndGlobalSection
	GlobalSection(ProjectConfigurationPlatforms) = postSolution
		{E6DA5C1F-0E82-4A14-99A7-F177D54EC3EA}.Debug|Any CPU.ActiveCfg = Debug|Any CPU
		{E6DA5C1F-0E82-4A14-99A7-F177D54EC3EA}.Debug|Any CPU.Build.0 = Debug|Any CPU
		{E6DA5C1F-0E82-4A14-99A7-F177D54EC3EA}.Release|Any CPU.ActiveCfg = Release|Any CPU
		{E6DA5C1F-0E82-4A14-99A7-F177D54EC3EA}.Release|Any CPU.Build.0 = Release|Any CPU
		{97ED3020-368B-4D9C-A588-124A241BE437}.Debug|Any CPU.ActiveCfg = Debug|Any CPU
		{97ED3020-368B-4D9C-A588-124A241BE437}.Debug|Any CPU.Build.0 = Debug|Any CPU
		{97ED3020-368B-4D9C-A588-124A241BE437}.Release|Any CPU.ActiveCfg = Release|Any CPU
		{97ED3020-368B-4D9C-A588-124A241BE437}.Release|Any CPU.Build.0 = Release|Any CPU
	EndGlobalSection
EndGlobal
